
Microsoft Visual Studio Solution File, Format Version 11.00
# Visual Studio 2010
Project("{8BC9CEB8-8B4A-11D0-8D11-00A0C91BC942}") = "Login_form", "Login_form\Login_form.vcxproj", "{631C7B0B-DA09-4A38-9E62-2DB372C9195C}"
EndProject
Global
	GlobalSection(SolutionConfigurationPlatforms) = preSolution
		Debug|Win32 = Debug|Win32
		Release|Win32 = Release|Win32
	EndGlobalSection
	GlobalSection(ProjectConfigurationPlatforms) = postSolution
		{631C7B0B-DA09-4A38-9E62-2DB372C9195C}.Debug|Win32.ActiveCfg = Debug|Win32
		{631C7B0B-DA09-4A38-9E62-2DB372C9195C}.Debug|Win32.Build.0 = Debug|Win32
		{631C7B0B-DA09-4A38-9E62-2DB372C9195C}.Release|Win32.ActiveCfg = Release|Win32
		{631C7B0B-DA09-4A38-9E62-2DB372C9195C}.Release|Win32.Build.0 = Release|Win32
	EndGlobalSection
	GlobalSection(SolutionProperties) = preSolution
		HideSolutionNode = FALSE
	EndGlobalSection
EndGlobal
