
Microsoft Visual Studio Solution File, Format Version 11.00
# Visual Studio 2010
Project("{8BC9CEB8-8B4A-11D0-8D11-00A0C91BC942}") = "Loginform2", "Loginform2\Loginform2.vcxproj", "{4299817F-23E7-4894-9D96-04F6905DBDA8}"
EndProject
Global
	GlobalSection(SolutionConfigurationPlatforms) = preSolution
		Debug|Win32 = Debug|Win32
		Release|Win32 = Release|Win32
	EndGlobalSection
	GlobalSection(ProjectConfigurationPlatforms) = postSolution
		{4299817F-23E7-4894-9D96-04F6905DBDA8}.Debug|Win32.ActiveCfg = Debug|Win32
		{4299817F-23E7-4894-9D96-04F6905DBDA8}.Debug|Win32.Build.0 = Debug|Win32
		{4299817F-23E7-4894-9D96-04F6905DBDA8}.Release|Win32.ActiveCfg = Release|Win32
		{4299817F-23E7-4894-9D96-04F6905DBDA8}.Release|Win32.Build.0 = Release|Win32
	EndGlobalSection
	GlobalSection(SolutionProperties) = preSolution
		HideSolutionNode = FALSE
	EndGlobalSection
EndGlobal
