
Microsoft Visual Studio Solution File, Format Version 11.00
# Visual Studio 2010
Project("{8BC9CEB8-8B4A-11D0-8D11-00A0C91BC942}") = "practicefinal", "practicefinal\practicefinal.vcxproj", "{844290D2-9BA6-4415-80A0-1E2F17C5B179}"
EndProject
Global
	GlobalSection(SolutionConfigurationPlatforms) = preSolution
		Debug|Win32 = Debug|Win32
		Release|Win32 = Release|Win32
	EndGlobalSection
	GlobalSection(ProjectConfigurationPlatforms) = postSolution
		{844290D2-9BA6-4415-80A0-1E2F17C5B179}.Debug|Win32.ActiveCfg = Debug|Win32
		{844290D2-9BA6-4415-80A0-1E2F17C5B179}.Debug|Win32.Build.0 = Debug|Win32
		{844290D2-9BA6-4415-80A0-1E2F17C5B179}.Release|Win32.ActiveCfg = Release|Win32
		{844290D2-9BA6-4415-80A0-1E2F17C5B179}.Release|Win32.Build.0 = Release|Win32
	EndGlobalSection
	GlobalSection(SolutionProperties) = preSolution
		HideSolutionNode = FALSE
	EndGlobalSection
EndGlobal
