
Microsoft Visual Studio Solution File, Format Version 11.00
# Visual Studio 2010
Project("{8BC9CEB8-8B4A-11D0-8D11-00A0C91BC942}") = "progressbar", "progressbar\progressbar.vcxproj", "{A2961DAC-7271-4604-A249-418F91CC053C}"
EndProject
Global
	GlobalSection(SolutionConfigurationPlatforms) = preSolution
		Debug|Win32 = Debug|Win32
		Release|Win32 = Release|Win32
	EndGlobalSection
	GlobalSection(ProjectConfigurationPlatforms) = postSolution
		{A2961DAC-7271-4604-A249-418F91CC053C}.Debug|Win32.ActiveCfg = Debug|Win32
		{A2961DAC-7271-4604-A249-418F91CC053C}.Debug|Win32.Build.0 = Debug|Win32
		{A2961DAC-7271-4604-A249-418F91CC053C}.Release|Win32.ActiveCfg = Release|Win32
		{A2961DAC-7271-4604-A249-418F91CC053C}.Release|Win32.Build.0 = Release|Win32
	EndGlobalSection
	GlobalSection(SolutionProperties) = preSolution
		HideSolutionNode = FALSE
	EndGlobalSection
EndGlobal
